
Microsoft Visual Studio Solution File, Format Version 12.00
# Visual Studio Version 17
VisualStudioVersion = 17.12.35527.113
MinimumVisualStudioVersion = 10.0.40219.1
Project("{FAE04EC0-301F-11D3-BF4B-00C04F79EFBC}") = "FishSpots", "FishSpots\FishSpots.csproj", "{3D7EAEE1-377F-4A54-A253-31DB636C0FFD}"
EndProject
Project("{FAE04EC0-301F-11D3-BF4B-00C04F79EFBC}") = "FishSpots.Logic", "FishSpots.Logic\FishSpots.Logic.csproj", "{BE6B0BBB-B58F-496D-923E-6F6C113ABD9D}"
EndProject
Project("{FAE04EC0-301F-11D3-BF4B-00C04F79EFBC}") = "FishSpots.Repository", "FishSpots.Repository\FishSpots.Repository.csproj", "{0B00B4E0-2744-47FE-968D-3544DDD2F97C}"
EndProject
Global
	GlobalSection(SolutionConfigurationPlatforms) = preSolution
		Debug|Any CPU = Debug|Any CPU
		Release|Any CPU = Release|Any CPU
	EndGlobalSection
	GlobalSection(ProjectConfigurationPlatforms) = postSolution
		{3D7EAEE1-377F-4A54-A253-31DB636C0FFD}.Debug|Any CPU.ActiveCfg = Debug|Any CPU
		{3D7EAEE1-377F-4A54-A253-31DB636C0FFD}.Debug|Any CPU.Build.0 = Debug|Any CPU
		{3D7EAEE1-377F-4A54-A253-31DB636C0FFD}.Release|Any CPU.ActiveCfg = Release|Any CPU
		{3D7EAEE1-377F-4A54-A253-31DB636C0FFD}.Release|Any CPU.Build.0 = Release|Any CPU
		{BE6B0BBB-B58F-496D-923E-6F6C113ABD9D}.Debug|Any CPU.ActiveCfg = Debug|Any CPU
		{BE6B0BBB-B58F-496D-923E-6F6C113ABD9D}.Debug|Any CPU.Build.0 = Debug|Any CPU
		{BE6B0BBB-B58F-496D-923E-6F6C113ABD9D}.Release|Any CPU.ActiveCfg = Release|Any CPU
		{BE6B0BBB-B58F-496D-923E-6F6C113ABD9D}.Release|Any CPU.Build.0 = Release|Any CPU
		{0B00B4E0-2744-47FE-968D-3544DDD2F97C}.Debug|Any CPU.ActiveCfg = Debug|Any CPU
		{0B00B4E0-2744-47FE-968D-3544DDD2F97C}.Debug|Any CPU.Build.0 = Debug|Any CPU
		{0B00B4E0-2744-47FE-968D-3544DDD2F97C}.Release|Any CPU.ActiveCfg = Release|Any CPU
		{0B00B4E0-2744-47FE-968D-3544DDD2F97C}.Release|Any CPU.Build.0 = Release|Any CPU
	EndGlobalSection
	GlobalSection(SolutionProperties) = preSolution
		HideSolutionNode = FALSE
	EndGlobalSection
EndGlobal
